
Microsoft Visual Studio Solution File, Format Version 11.00
# Visual Studio 2010
Project("{FAE04EC0-301F-11D3-BF4B-00C04F79EFBC}") = "JsonTreeDemo", "JsonTreeDemo.csproj", "{B78D9F44-C0E9-4CEC-9D16-59BD4F571154}"
EndProject
Project("{FAE04EC0-301F-11D3-BF4B-00C04F79EFBC}") = "JsonTree", "JsonTree\JsonTree.csproj", "{33C81F3E-8FD9-4A47-A975-E9CB2ED38170}"
EndProject
Project("{FAE04EC0-301F-11D3-BF4B-00C04F79EFBC}") = "Test", "Test\Test.csproj", "{BCD5A485-BFB9-4C62-B9BA-95F9CE055E25}"
EndProject
Project("{2150E333-8FDC-42A3-9474-1A3956D46DE8}") = "Solution Items", "Solution Items", "{4ED91699-FBCA-45BC-BB79-759EBE1C5B4F}"
	ProjectSection(SolutionItems) = preProject
		JsonTree.vsmdi = JsonTree.vsmdi
		Local.testsettings = Local.testsettings
		TraceAndTestImpact.testsettings = TraceAndTestImpact.testsettings
	EndProjectSection
EndProject
Global
	GlobalSection(TestCaseManagementSettings) = postSolution
		CategoryFile = JsonTree.vsmdi
	EndGlobalSection
	GlobalSection(SolutionConfigurationPlatforms) = preSolution
		Debug|Any CPU = Debug|Any CPU
		Debug|Mixed Platforms = Debug|Mixed Platforms
		Debug|x86 = Debug|x86
		Release|Any CPU = Release|Any CPU
		Release|Mixed Platforms = Release|Mixed Platforms
		Release|x86 = Release|x86
	EndGlobalSection
	GlobalSection(ProjectConfigurationPlatforms) = postSolution
		{B78D9F44-C0E9-4CEC-9D16-59BD4F571154}.Debug|Any CPU.ActiveCfg = Debug|x86
		{B78D9F44-C0E9-4CEC-9D16-59BD4F571154}.Debug|Mixed Platforms.ActiveCfg = Debug|x86
		{B78D9F44-C0E9-4CEC-9D16-59BD4F571154}.Debug|Mixed Platforms.Build.0 = Debug|x86
		{B78D9F44-C0E9-4CEC-9D16-59BD4F571154}.Debug|x86.ActiveCfg = Debug|x86
		{B78D9F44-C0E9-4CEC-9D16-59BD4F571154}.Debug|x86.Build.0 = Debug|x86
		{B78D9F44-C0E9-4CEC-9D16-59BD4F571154}.Release|Any CPU.ActiveCfg = Release|x86
		{B78D9F44-C0E9-4CEC-9D16-59BD4F571154}.Release|Mixed Platforms.ActiveCfg = Release|x86
		{B78D9F44-C0E9-4CEC-9D16-59BD4F571154}.Release|Mixed Platforms.Build.0 = Release|x86
		{B78D9F44-C0E9-4CEC-9D16-59BD4F571154}.Release|x86.ActiveCfg = Release|x86
		{B78D9F44-C0E9-4CEC-9D16-59BD4F571154}.Release|x86.Build.0 = Release|x86
		{33C81F3E-8FD9-4A47-A975-E9CB2ED38170}.Debug|Any CPU.ActiveCfg = Debug|Any CPU
		{33C81F3E-8FD9-4A47-A975-E9CB2ED38170}.Debug|Any CPU.Build.0 = Debug|Any CPU
		{33C81F3E-8FD9-4A47-A975-E9CB2ED38170}.Debug|Mixed Platforms.ActiveCfg = Debug|Any CPU
		{33C81F3E-8FD9-4A47-A975-E9CB2ED38170}.Debug|Mixed Platforms.Build.0 = Debug|Any CPU
		{33C81F3E-8FD9-4A47-A975-E9CB2ED38170}.Debug|x86.ActiveCfg = Debug|Any CPU
		{33C81F3E-8FD9-4A47-A975-E9CB2ED38170}.Release|Any CPU.ActiveCfg = Release|Any CPU
		{33C81F3E-8FD9-4A47-A975-E9CB2ED38170}.Release|Any CPU.Build.0 = Release|Any CPU
		{33C81F3E-8FD9-4A47-A975-E9CB2ED38170}.Release|Mixed Platforms.ActiveCfg = Release|Any CPU
		{33C81F3E-8FD9-4A47-A975-E9CB2ED38170}.Release|Mixed Platforms.Build.0 = Release|Any CPU
		{33C81F3E-8FD9-4A47-A975-E9CB2ED38170}.Release|x86.ActiveCfg = Release|Any CPU
		{BCD5A485-BFB9-4C62-B9BA-95F9CE055E25}.Debug|Any CPU.ActiveCfg = Debug|Any CPU
		{BCD5A485-BFB9-4C62-B9BA-95F9CE055E25}.Debug|Any CPU.Build.0 = Debug|Any CPU
		{BCD5A485-BFB9-4C62-B9BA-95F9CE055E25}.Debug|Mixed Platforms.ActiveCfg = Debug|Any CPU
		{BCD5A485-BFB9-4C62-B9BA-95F9CE055E25}.Debug|Mixed Platforms.Build.0 = Debug|Any CPU
		{BCD5A485-BFB9-4C62-B9BA-95F9CE055E25}.Debug|x86.ActiveCfg = Debug|Any CPU
		{BCD5A485-BFB9-4C62-B9BA-95F9CE055E25}.Release|Any CPU.ActiveCfg = Release|Any CPU
		{BCD5A485-BFB9-4C62-B9BA-95F9CE055E25}.Release|Any CPU.Build.0 = Release|Any CPU
		{BCD5A485-BFB9-4C62-B9BA-95F9CE055E25}.Release|Mixed Platforms.ActiveCfg = Release|Any CPU
		{BCD5A485-BFB9-4C62-B9BA-95F9CE055E25}.Release|Mixed Platforms.Build.0 = Release|Any CPU
		{BCD5A485-BFB9-4C62-B9BA-95F9CE055E25}.Release|x86.ActiveCfg = Release|Any CPU
	EndGlobalSection
	GlobalSection(SolutionProperties) = preSolution
		HideSolutionNode = FALSE
	EndGlobalSection
EndGlobal
